
Microsoft Visual Studio Solution File, Format Version 12.00
# Visual Studio Version 16
VisualStudioVersion = 16.0.29709.97
MinimumVisualStudioVersion = 10.0.40219.1
Project("{9A19103F-16F7-4668-BE54-9A1E7A4F7556}") = "DiscordNetBot", "DiscordNetBot\DiscordNetBot.csproj", "{656299FB-9AF3-4C5C-B2E0-52044A8B41C8}"
EndProject
Project("{FAE04EC0-301F-11D3-BF4B-00C04F79EFBC}") = "DiscordNetBot.Database", "DiscordNetBot.DataBase\DiscordNetBot.Database.csproj", "{7435352B-3D2D-47BB-954D-FFFCECA418D8}"
EndProject
Project("{FAE04EC0-301F-11D3-BF4B-00C04F79EFBC}") = "DiscordNetBot.Database.Migrations", "DiscordNetBot.Database.Migrations\DiscordNetBot.Database.Migrations.csproj", "{8E16A471-60BD-49C8-82A0-91288A79AD9B}"
EndProject
Global
	GlobalSection(SolutionConfigurationPlatforms) = preSolution
		Debug|Any CPU = Debug|Any CPU
		Release|Any CPU = Release|Any CPU
	EndGlobalSection
	GlobalSection(ProjectConfigurationPlatforms) = postSolution
		{656299FB-9AF3-4C5C-B2E0-52044A8B41C8}.Debug|Any CPU.ActiveCfg = Debug|Any CPU
		{656299FB-9AF3-4C5C-B2E0-52044A8B41C8}.Debug|Any CPU.Build.0 = Debug|Any CPU
		{656299FB-9AF3-4C5C-B2E0-52044A8B41C8}.Release|Any CPU.ActiveCfg = Release|Any CPU
		{656299FB-9AF3-4C5C-B2E0-52044A8B41C8}.Release|Any CPU.Build.0 = Release|Any CPU
		{7435352B-3D2D-47BB-954D-FFFCECA418D8}.Debug|Any CPU.ActiveCfg = Debug|Any CPU
		{7435352B-3D2D-47BB-954D-FFFCECA418D8}.Debug|Any CPU.Build.0 = Debug|Any CPU
		{7435352B-3D2D-47BB-954D-FFFCECA418D8}.Release|Any CPU.ActiveCfg = Release|Any CPU
		{7435352B-3D2D-47BB-954D-FFFCECA418D8}.Release|Any CPU.Build.0 = Release|Any CPU
		{8E16A471-60BD-49C8-82A0-91288A79AD9B}.Debug|Any CPU.ActiveCfg = Debug|Any CPU
		{8E16A471-60BD-49C8-82A0-91288A79AD9B}.Debug|Any CPU.Build.0 = Debug|Any CPU
		{8E16A471-60BD-49C8-82A0-91288A79AD9B}.Release|Any CPU.ActiveCfg = Release|Any CPU
		{8E16A471-60BD-49C8-82A0-91288A79AD9B}.Release|Any CPU.Build.0 = Release|Any CPU
	EndGlobalSection
	GlobalSection(SolutionProperties) = preSolution
		HideSolutionNode = FALSE
	EndGlobalSection
	GlobalSection(ExtensibilityGlobals) = postSolution
		SolutionGuid = {1C58713A-3F26-44F9-8FD3-FC7EF257CB54}
	EndGlobalSection
EndGlobal
